// !$*UTF8*$!
{
	archiveVersion = 1;
	classes = {
	};
	objectVersion = 50;
	objects = {

/* Begin PBXBuildFile section */
		2ED88237240C619100DCB06F /* AppDelegate.swift in Sources */ = {isa = PBXBuildFile; fileRef = 2ED88236240C619100DCB06F /* AppDelegate.swift */; };
		2ED88240240C619300DCB06F /* Assets.xcassets in Resources */ = {isa = PBXBuildFile; fileRef = 2ED8823F240C619300DCB06F /* Assets.xcassets */; };
		2ED88243240C619300DCB06F /* LaunchScreen.storyboard in Resources */ = {isa = PBXBuildFile; fileRef = 2ED88241240C619300DCB06F /* LaunchScreen.storyboard */; };
		2ED8824B240C653C00DCB06F /* AppAssembly.swift in Sources */ = {isa = PBXBuildFile; fileRef = 2ED8824A240C653C00DCB06F /* AppAssembly.swift */; };
		2ED8824D240C656D00DCB06F /* CoreComponents.swift in Sources */ = {isa = PBXBuildFile; fileRef = 2ED8824C240C656D00DCB06F /* CoreComponents.swift */; };
		2ED8824F240C659D00DCB06F /* CoreComponentsFactory.swift in Sources */ = {isa = PBXBuildFile; fileRef = 2ED8824E240C659D00DCB06F /* CoreComponentsFactory.swift */; };
		2ED88251240C65A900DCB06F /* CoreComponentsDependency.swift in Sources */ = {isa = PBXBuildFile; fileRef = 2ED88250240C65A900DCB06F /* CoreComponentsDependency.swift */; };
		2ED88255240C6DB600DCB06F /* GeneralViewController.swift in Sources */ = {isa = PBXBuildFile; fileRef = 2ED88253240C6DB600DCB06F /* GeneralViewController.swift */; };
		2ED88256240C6DB600DCB06F /* GeneralViewController.xib in Resources */ = {isa = PBXBuildFile; fileRef = 2ED88254240C6DB600DCB06F /* GeneralViewController.xib */; };
		2ED88258240C6DD600DCB06F /* Navigator.swift in Sources */ = {isa = PBXBuildFile; fileRef = 2ED88257240C6DD600DCB06F /* Navigator.swift */; };
		2ED8825A240C74DC00DCB06F /* GeneralPresenter.swift in Sources */ = {isa = PBXBuildFile; fileRef = 2ED88259240C74DC00DCB06F /* GeneralPresenter.swift */; };
		2ED8825C240D208600DCB06F /* ListState.swift in Sources */ = {isa = PBXBuildFile; fileRef = 2ED8825B240D208600DCB06F /* ListState.swift */; };
		2ED8825E240D20A500DCB06F /* List+Extensions.swift in Sources */ = {isa = PBXBuildFile; fileRef = 2ED8825D240D20A500DCB06F /* List+Extensions.swift */; };
		2ED88263240D6AD200DCB06F /* StateContainerView.swift in Sources */ = {isa = PBXBuildFile; fileRef = 2ED88262240D6AD200DCB06F /* StateContainerView.swift */; };
		2ED88266240D6C3400DCB06F /* ErrorView.swift in Sources */ = {isa = PBXBuildFile; fileRef = 2ED88265240D6C3400DCB06F /* ErrorView.swift */; };
		2ED88268240D6C3F00DCB06F /* ErrorView.xib in Resources */ = {isa = PBXBuildFile; fileRef = 2ED88267240D6C3F00DCB06F /* ErrorView.xib */; };
		2ED8826C240D6CDA00DCB06F /* EmptyView.swift in Sources */ = {isa = PBXBuildFile; fileRef = 2ED8826B240D6CDA00DCB06F /* EmptyView.swift */; };
		2ED8826E240D6CE200DCB06F /* EmptyView.xib in Resources */ = {isa = PBXBuildFile; fileRef = 2ED8826D240D6CE200DCB06F /* EmptyView.xib */; };
		2ED88271240D6DDE00DCB06F /* LoaderView.xib in Resources */ = {isa = PBXBuildFile; fileRef = 2ED88270240D6DDE00DCB06F /* LoaderView.xib */; };
		2ED88273240D6E0700DCB06F /* LoaderView.swift in Sources */ = {isa = PBXBuildFile; fileRef = 2ED88272240D6E0700DCB06F /* LoaderView.swift */; };
		2ED88275240D6F1200DCB06F /* XibLoadable.swift in Sources */ = {isa = PBXBuildFile; fileRef = 2ED88274240D6F1200DCB06F /* XibLoadable.swift */; };
		2ED88279240D6FA500DCB06F /* PostCell.swift in Sources */ = {isa = PBXBuildFile; fileRef = 2ED88277240D6FA500DCB06F /* PostCell.swift */; };
		2ED8827A240D6FA500DCB06F /* PostCell.xib in Resources */ = {isa = PBXBuildFile; fileRef = 2ED88278240D6FA500DCB06F /* PostCell.xib */; };
		2ED8827C240D6FBF00DCB06F /* PostCellModel.swift in Sources */ = {isa = PBXBuildFile; fileRef = 2ED8827B240D6FBF00DCB06F /* PostCellModel.swift */; };
		2ED8827E240D78B200DCB06F /* TopPostsURL.swift in Sources */ = {isa = PBXBuildFile; fileRef = 2ED8827D240D78B200DCB06F /* TopPostsURL.swift */; };
		2ED88280240D8F4900DCB06F /* APIManager.swift in Sources */ = {isa = PBXBuildFile; fileRef = 2ED8827F240D8F4900DCB06F /* APIManager.swift */; };
		2ED88286240DA5BE00DCB06F /* TopPostsResult.swift in Sources */ = {isa = PBXBuildFile; fileRef = 2ED88285240DA5BE00DCB06F /* TopPostsResult.swift */; };
		2ED88288240DA5DE00DCB06F /* Post.swift in Sources */ = {isa = PBXBuildFile; fileRef = 2ED88287240DA5DE00DCB06F /* Post.swift */; };
		2ED8828A240DCE0600DCB06F /* SceneDelegate.swift in Sources */ = {isa = PBXBuildFile; fileRef = 2ED88289240DCE0600DCB06F /* SceneDelegate.swift */; };
		2ED8828C240DD0AD00DCB06F /* UIImageView+LoadImage.swift in Sources */ = {isa = PBXBuildFile; fileRef = 2ED8828B240DD0AD00DCB06F /* UIImageView+LoadImage.swift */; };
/* End PBXBuildFile section */

/* Begin PBXFileReference section */
		2ED88233240C619100DCB06F /* RedditTest.app */ = {isa = PBXFileReference; explicitFileType = wrapper.application; includeInIndex = 0; path = RedditTest.app; sourceTree = BUILT_PRODUCTS_DIR; };
		2ED88236240C619100DCB06F /* AppDelegate.swift */ = {isa = PBXFileReference; lastKnownFileType = sourcecode.swift; path = AppDelegate.swift; sourceTree = "<group>"; };
		2ED8823F240C619300DCB06F /* Assets.xcassets */ = {isa = PBXFileReference; lastKnownFileType = folder.assetcatalog; path = Assets.xcassets; sourceTree = "<group>"; };
		2ED88242240C619300DCB06F /* Base */ = {isa = PBXFileReference; lastKnownFileType = file.storyboard; name = Base; path = Base.lproj/LaunchScreen.storyboard; sourceTree = "<group>"; };
		2ED88244240C619300DCB06F /* Info.plist */ = {isa = PBXFileReference; lastKnownFileType = text.plist.xml; path = Info.plist; sourceTree = "<group>"; };
		2ED8824A240C653C00DCB06F /* AppAssembly.swift */ = {isa = PBXFileReference; lastKnownFileType = sourcecode.swift; path = AppAssembly.swift; sourceTree = "<group>"; };
		2ED8824C240C656D00DCB06F /* CoreComponents.swift */ = {isa = PBXFileReference; lastKnownFileType = sourcecode.swift; path = CoreComponents.swift; sourceTree = "<group>"; };
		2ED8824E240C659D00DCB06F /* CoreComponentsFactory.swift */ = {isa = PBXFileReference; lastKnownFileType = sourcecode.swift; path = CoreComponentsFactory.swift; sourceTree = "<group>"; };
		2ED88250240C65A900DCB06F /* CoreComponentsDependency.swift */ = {isa = PBXFileReference; lastKnownFileType = sourcecode.swift; path = CoreComponentsDependency.swift; sourceTree = "<group>"; };
		2ED88253240C6DB600DCB06F /* GeneralViewController.swift */ = {isa = PBXFileReference; lastKnownFileType = sourcecode.swift; path = GeneralViewController.swift; sourceTree = "<group>"; };
		2ED88254240C6DB600DCB06F /* GeneralViewController.xib */ = {isa = PBXFileReference; lastKnownFileType = file.xib; path = GeneralViewController.xib; sourceTree = "<group>"; };
		2ED88257240C6DD600DCB06F /* Navigator.swift */ = {isa = PBXFileReference; lastKnownFileType = sourcecode.swift; path = Navigator.swift; sourceTree = "<group>"; };
		2ED88259240C74DC00DCB06F /* GeneralPresenter.swift */ = {isa = PBXFileReference; lastKnownFileType = sourcecode.swift; path = GeneralPresenter.swift; sourceTree = "<group>"; };
		2ED8825B240D208600DCB06F /* ListState.swift */ = {isa = PBXFileReference; lastKnownFileType = sourcecode.swift; path = ListState.swift; sourceTree = "<group>"; };
		2ED8825D240D20A500DCB06F /* List+Extensions.swift */ = {isa = PBXFileReference; lastKnownFileType = sourcecode.swift; path = "List+Extensions.swift"; sourceTree = "<group>"; };
		2ED88262240D6AD200DCB06F /* StateContainerView.swift */ = {isa = PBXFileReference; lastKnownFileType = sourcecode.swift; path = StateContainerView.swift; sourceTree = "<group>"; };
		2ED88265240D6C3400DCB06F /* ErrorView.swift */ = {isa = PBXFileReference; lastKnownFileType = sourcecode.swift; path = ErrorView.swift; sourceTree = "<group>"; };
		2ED88267240D6C3F00DCB06F /* ErrorView.xib */ = {isa = PBXFileReference; lastKnownFileType = file.xib; path = ErrorView.xib; sourceTree = "<group>"; };
		2ED8826B240D6CDA00DCB06F /* EmptyView.swift */ = {isa = PBXFileReference; lastKnownFileType = sourcecode.swift; path = EmptyView.swift; sourceTree = "<group>"; };
		2ED8826D240D6CE200DCB06F /* EmptyView.xib */ = {isa = PBXFileReference; lastKnownFileType = file.xib; path = EmptyView.xib; sourceTree = "<group>"; };
		2ED88270240D6DDE00DCB06F /* LoaderView.xib */ = {isa = PBXFileReference; lastKnownFileType = file.xib; path = LoaderView.xib; sourceTree = "<group>"; };
		2ED88272240D6E0700DCB06F /* LoaderView.swift */ = {isa = PBXFileReference; lastKnownFileType = sourcecode.swift; path = LoaderView.swift; sourceTree = "<group>"; };
		2ED88274240D6F1200DCB06F /* XibLoadable.swift */ = {isa = PBXFileReference; lastKnownFileType = sourcecode.swift; path = XibLoadable.swift; sourceTree = "<group>"; };
		2ED88277240D6FA500DCB06F /* PostCell.swift */ = {isa = PBXFileReference; lastKnownFileType = sourcecode.swift; path = PostCell.swift; sourceTree = "<group>"; };
		2ED88278240D6FA500DCB06F /* PostCell.xib */ = {isa = PBXFileReference; lastKnownFileType = file.xib; path = PostCell.xib; sourceTree = "<group>"; };
		2ED8827B240D6FBF00DCB06F /* PostCellModel.swift */ = {isa = PBXFileReference; lastKnownFileType = sourcecode.swift; path = PostCellModel.swift; sourceTree = "<group>"; };
		2ED8827D240D78B200DCB06F /* TopPostsURL.swift */ = {isa = PBXFileReference; lastKnownFileType = sourcecode.swift; path = TopPostsURL.swift; sourceTree = "<group>"; };
		2ED8827F240D8F4900DCB06F /* APIManager.swift */ = {isa = PBXFileReference; lastKnownFileType = sourcecode.swift; path = APIManager.swift; sourceTree = "<group>"; };
		2ED88285240DA5BE00DCB06F /* TopPostsResult.swift */ = {isa = PBXFileReference; lastKnownFileType = sourcecode.swift; path = TopPostsResult.swift; sourceTree = "<group>"; };
		2ED88287240DA5DE00DCB06F /* Post.swift */ = {isa = PBXFileReference; lastKnownFileType = sourcecode.swift; path = Post.swift; sourceTree = "<group>"; };
		2ED88289240DCE0600DCB06F /* SceneDelegate.swift */ = {isa = PBXFileReference; fileEncoding = 4; lastKnownFileType = sourcecode.swift; path = SceneDelegate.swift; sourceTree = "<group>"; };
		2ED8828B240DD0AD00DCB06F /* UIImageView+LoadImage.swift */ = {isa = PBXFileReference; lastKnownFileType = sourcecode.swift; path = "UIImageView+LoadImage.swift"; sourceTree = "<group>"; };
/* End PBXFileReference section */

/* Begin PBXFrameworksBuildPhase section */
		2ED88230240C619100DCB06F /* Frameworks */ = {
			isa = PBXFrameworksBuildPhase;
			buildActionMask = 2147483647;
			files = (
			);
			runOnlyForDeploymentPostprocessing = 0;
		};
/* End PBXFrameworksBuildPhase section */

/* Begin PBXGroup section */
		2ED8822A240C619100DCB06F = {
			isa = PBXGroup;
			children = (
				2ED88235240C619100DCB06F /* RedditTest */,
				2ED88234240C619100DCB06F /* Products */,
			);
			sourceTree = "<group>";
		};
		2ED88234240C619100DCB06F /* Products */ = {
			isa = PBXGroup;
			children = (
				2ED88233240C619100DCB06F /* RedditTest.app */,
			);
			name = Products;
			sourceTree = "<group>";
		};
		2ED88235240C619100DCB06F /* RedditTest */ = {
			isa = PBXGroup;
			children = (
				2ED88292240E4EFC00DCB06F /* Extensions */,
				2ED88291240E4EED00DCB06F /* Commons */,
				2ED8828F240E4E9600DCB06F /* Core */,
				2ED8828D240E4E7600DCB06F /* Networking */,
				2ED88261240D6AB500DCB06F /* StateView */,
				2ED88252240C65E000DCB06F /* GeneralViewController */,
			);
			path = RedditTest;
			sourceTree = "<group>";
		};
		2ED88252240C65E000DCB06F /* GeneralViewController */ = {
			isa = PBXGroup;
			children = (
				2ED88276240D6F8E00DCB06F /* Cells */,
				2ED88253240C6DB600DCB06F /* GeneralViewController.swift */,
				2ED88254240C6DB600DCB06F /* GeneralViewController.xib */,
				2ED88259240C74DC00DCB06F /* GeneralPresenter.swift */,
				2ED8828B240DD0AD00DCB06F /* UIImageView+LoadImage.swift */,
			);
			path = GeneralViewController;
			sourceTree = "<group>";
		};
		2ED88261240D6AB500DCB06F /* StateView */ = {
			isa = PBXGroup;
			children = (
				2ED8826F240D6D6900DCB06F /* LoaderView */,
				2ED8826A240D6CCD00DCB06F /* EmptyView */,
				2ED88264240D6BFF00DCB06F /* ErrorView */,
				2ED88262240D6AD200DCB06F /* StateContainerView.swift */,
				2ED88274240D6F1200DCB06F /* XibLoadable.swift */,
			);
			path = StateView;
			sourceTree = "<group>";
		};
		2ED88264240D6BFF00DCB06F /* ErrorView */ = {
			isa = PBXGroup;
			children = (
				2ED88265240D6C3400DCB06F /* ErrorView.swift */,
				2ED88267240D6C3F00DCB06F /* ErrorView.xib */,
			);
			path = ErrorView;
			sourceTree = "<group>";
		};
		2ED8826A240D6CCD00DCB06F /* EmptyView */ = {
			isa = PBXGroup;
			children = (
				2ED8826B240D6CDA00DCB06F /* EmptyView.swift */,
				2ED8826D240D6CE200DCB06F /* EmptyView.xib */,
			);
			path = EmptyView;
			sourceTree = "<group>";
		};
		2ED8826F240D6D6900DCB06F /* LoaderView */ = {
			isa = PBXGroup;
			children = (
				2ED88270240D6DDE00DCB06F /* LoaderView.xib */,
				2ED88272240D6E0700DCB06F /* LoaderView.swift */,
			);
			path = LoaderView;
			sourceTree = "<group>";
		};
		2ED88276240D6F8E00DCB06F /* Cells */ = {
			isa = PBXGroup;
			children = (
				2ED88277240D6FA500DCB06F /* PostCell.swift */,
				2ED88278240D6FA500DCB06F /* PostCell.xib */,
				2ED8827B240D6FBF00DCB06F /* PostCellModel.swift */,
			);
			path = Cells;
			sourceTree = "<group>";
		};
		2ED8828D240E4E7600DCB06F /* Networking */ = {
			isa = PBXGroup;
			children = (
				2ED8828E240E4E8300DCB06F /* Models */,
				2ED8827D240D78B200DCB06F /* TopPostsURL.swift */,
				2ED8827F240D8F4900DCB06F /* APIManager.swift */,
			);
			path = Networking;
			sourceTree = "<group>";
		};
		2ED8828E240E4E8300DCB06F /* Models */ = {
			isa = PBXGroup;
			children = (
				2ED88285240DA5BE00DCB06F /* TopPostsResult.swift */,
				2ED88287240DA5DE00DCB06F /* Post.swift */,
			);
			path = Models;
			sourceTree = "<group>";
		};
		2ED8828F240E4E9600DCB06F /* Core */ = {
			isa = PBXGroup;
			children = (
				2ED8825B240D208600DCB06F /* ListState.swift */,
				2ED88236240C619100DCB06F /* AppDelegate.swift */,
				2ED8824A240C653C00DCB06F /* AppAssembly.swift */,
				2ED88289240DCE0600DCB06F /* SceneDelegate.swift */,
				2ED88257240C6DD600DCB06F /* Navigator.swift */,
				2ED88290240E4EAD00DCB06F /* CoreComponents */,
			);
			path = Core;
			sourceTree = "<group>";
		};
		2ED88290240E4EAD00DCB06F /* CoreComponents */ = {
			isa = PBXGroup;
			children = (
				2ED8824C240C656D00DCB06F /* CoreComponents.swift */,
				2ED8824E240C659D00DCB06F /* CoreComponentsFactory.swift */,
				2ED88250240C65A900DCB06F /* CoreComponentsDependency.swift */,
			);
			path = CoreComponents;
			sourceTree = "<group>";
		};
		2ED88291240E4EED00DCB06F /* Commons */ = {
			isa = PBXGroup;
			children = (
				2ED8823F240C619300DCB06F /* Assets.xcassets */,
				2ED88241240C619300DCB06F /* LaunchScreen.storyboard */,
				2ED88244240C619300DCB06F /* Info.plist */,
			);
			path = Commons;
			sourceTree = "<group>";
		};
		2ED88292240E4EFC00DCB06F /* Extensions */ = {
			isa = PBXGroup;
			children = (
				2ED8825D240D20A500DCB06F /* List+Extensions.swift */,
			);
			path = Extensions;
			sourceTree = "<group>";
		};
/* End PBXGroup section */

/* Begin PBXNativeTarget section */
		2ED88232240C619100DCB06F /* RedditTest */ = {
			isa = PBXNativeTarget;
			buildConfigurationList = 2ED88247240C619300DCB06F /* Build configuration list for PBXNativeTarget "RedditTest" */;
			buildPhases = (
				2ED8822F240C619100DCB06F /* Sources */,
				2ED88230240C619100DCB06F /* Frameworks */,
				2ED88231240C619100DCB06F /* Resources */,
			);
			buildRules = (
			);
			dependencies = (
			);
			name = RedditTest;
			productName = RedditTest;
			productReference = 2ED88233240C619100DCB06F /* RedditTest.app */;
			productType = "com.apple.product-type.application";
		};
/* End PBXNativeTarget section */

/* Begin PBXProject section */
		2ED8822B240C619100DCB06F /* Project object */ = {
			isa = PBXProject;
			attributes = {
				LastSwiftUpdateCheck = 1130;
				LastUpgradeCheck = 1130;
				ORGANIZATIONNAME = "Yuri Chukhlib";
				TargetAttributes = {
					2ED88232240C619100DCB06F = {
						CreatedOnToolsVersion = 11.3.1;
					};
				};
			};
			buildConfigurationList = 2ED8822E240C619100DCB06F /* Build configuration list for PBXProject "RedditTest" */;
			compatibilityVersion = "Xcode 9.3";
			developmentRegion = en;
			hasScannedForEncodings = 0;
			knownRegions = (
				en,
				Base,
			);
			mainGroup = 2ED8822A240C619100DCB06F;
			productRefGroup = 2ED88234240C619100DCB06F /* Products */;
			projectDirPath = "";
			projectRoot = "";
			targets = (
				2ED88232240C619100DCB06F /* RedditTest */,
			);
		};
/* End PBXProject section */

/* Begin PBXResourcesBuildPhase section */
		2ED88231240C619100DCB06F /* Resources */ = {
			isa = PBXResourcesBuildPhase;
			buildActionMask = 2147483647;
			files = (
				2ED88243240C619300DCB06F /* LaunchScreen.storyboard in Resources */,
				2ED88271240D6DDE00DCB06F /* LoaderView.xib in Resources */,
				2ED88240240C619300DCB06F /* Assets.xcassets in Resources */,
				2ED8827A240D6FA500DCB06F /* PostCell.xib in Resources */,
				2ED88256240C6DB600DCB06F /* GeneralViewController.xib in Resources */,
				2ED88268240D6C3F00DCB06F /* ErrorView.xib in Resources */,
				2ED8826E240D6CE200DCB06F /* EmptyView.xib in Resources */,
			);
			runOnlyForDeploymentPostprocessing = 0;
		};
/* End PBXResourcesBuildPhase section */

/* Begin PBXSourcesBuildPhase section */
		2ED8822F240C619100DCB06F /* Sources */ = {
			isa = PBXSourcesBuildPhase;
			buildActionMask = 2147483647;
			files = (
				2ED88288240DA5DE00DCB06F /* Post.swift in Sources */,
				2ED88279240D6FA500DCB06F /* PostCell.swift in Sources */,
				2ED88280240D8F4900DCB06F /* APIManager.swift in Sources */,
				2ED88258240C6DD600DCB06F /* Navigator.swift in Sources */,
				2ED88251240C65A900DCB06F /* CoreComponentsDependency.swift in Sources */,
				2ED88273240D6E0700DCB06F /* LoaderView.swift in Sources */,
				2ED88275240D6F1200DCB06F /* XibLoadable.swift in Sources */,
				2ED8828C240DD0AD00DCB06F /* UIImageView+LoadImage.swift in Sources */,
				2ED8828A240DCE0600DCB06F /* SceneDelegate.swift in Sources */,
				2ED8827C240D6FBF00DCB06F /* PostCellModel.swift in Sources */,
				2ED8825C240D208600DCB06F /* ListState.swift in Sources */,
				2ED8827E240D78B200DCB06F /* TopPostsURL.swift in Sources */,
				2ED88237240C619100DCB06F /* AppDelegate.swift in Sources */,
				2ED8824F240C659D00DCB06F /* CoreComponentsFactory.swift in Sources */,
				2ED88255240C6DB600DCB06F /* GeneralViewController.swift in Sources */,
				2ED8824B240C653C00DCB06F /* AppAssembly.swift in Sources */,
				2ED8825E240D20A500DCB06F /* List+Extensions.swift in Sources */,
				2ED8824D240C656D00DCB06F /* CoreComponents.swift in Sources */,
				2ED88263240D6AD200DCB06F /* StateContainerView.swift in Sources */,
				2ED88266240D6C3400DCB06F /* ErrorView.swift in Sources */,
				2ED8826C240D6CDA00DCB06F /* EmptyView.swift in Sources */,
				2ED8825A240C74DC00DCB06F /* GeneralPresenter.swift in Sources */,
				2ED88286240DA5BE00DCB06F /* TopPostsResult.swift in Sources */,
			);
			runOnlyForDeploymentPostprocessing = 0;
		};
/* End PBXSourcesBuildPhase section */

/* Begin PBXVariantGroup section */
		2ED88241240C619300DCB06F /* LaunchScreen.storyboard */ = {
			isa = PBXVariantGroup;
			children = (
				2ED88242240C619300DCB06F /* Base */,
			);
			name = LaunchScreen.storyboard;
			sourceTree = "<group>";
		};
/* End PBXVariantGroup section */

/* Begin XCBuildConfiguration section */
		2ED88245240C619300DCB06F /* Debug */ = {
			isa = XCBuildConfiguration;
			buildSettings = {
				ALWAYS_SEARCH_USER_PATHS = NO;
				CLANG_ANALYZER_NONNULL = YES;
				CLANG_ANALYZER_NUMBER_OBJECT_CONVERSION = YES_AGGRESSIVE;
				CLANG_CXX_LANGUAGE_STANDARD = "gnu++14";
				CLANG_CXX_LIBRARY = "libc++";
				CLANG_ENABLE_MODULES = YES;
				CLANG_ENABLE_OBJC_ARC = YES;
				CLANG_ENABLE_OBJC_WEAK = YES;
				CLANG_WARN_BLOCK_CAPTURE_AUTORELEASING = YES;
				CLANG_WARN_BOOL_CONVERSION = YES;
				CLANG_WARN_COMMA = YES;
				CLANG_WARN_CONSTANT_CONVERSION = YES;
				CLANG_WARN_DEPRECATED_OBJC_IMPLEMENTATIONS = YES;
				CLANG_WARN_DIRECT_OBJC_ISA_USAGE = YES_ERROR;
				CLANG_WARN_DOCUMENTATION_COMMENTS = YES;
				CLANG_WARN_EMPTY_BODY = YES;
				CLANG_WARN_ENUM_CONVERSION = YES;
				CLANG_WARN_INFINITE_RECURSION = YES;
				CLANG_WARN_INT_CONVERSION = YES;
				CLANG_WARN_NON_LITERAL_NULL_CONVERSION = YES;
				CLANG_WARN_OBJC_IMPLICIT_RETAIN_SELF = YES;
				CLANG_WARN_OBJC_LITERAL_CONVERSION = YES;
				CLANG_WARN_OBJC_ROOT_CLASS = YES_ERROR;
				CLANG_WARN_RANGE_LOOP_ANALYSIS = YES;
				CLANG_WARN_STRICT_PROTOTYPES = YES;
				CLANG_WARN_SUSPICIOUS_MOVE = YES;
				CLANG_WARN_UNGUARDED_AVAILABILITY = YES_AGGRESSIVE;
				CLANG_WARN_UNREACHABLE_CODE = YES;
				CLANG_WARN__DUPLICATE_METHOD_MATCH = YES;
				COPY_PHASE_STRIP = NO;
				DEBUG_INFORMATION_FORMAT = dwarf;
				ENABLE_STRICT_OBJC_MSGSEND = YES;
				ENABLE_TESTABILITY = YES;
				GCC_C_LANGUAGE_STANDARD = gnu11;
				GCC_DYNAMIC_NO_PIC = NO;
				GCC_NO_COMMON_BLOCKS = YES;
				GCC_OPTIMIZATION_LEVEL = 0;
				GCC_PREPROCESSOR_DEFINITIONS = (
					"DEBUG=1",
					"$(inherited)",
				);
				GCC_WARN_64_TO_32_BIT_CONVERSION = YES;
				GCC_WARN_ABOUT_RETURN_TYPE = YES_ERROR;
				GCC_WARN_UNDECLARED_SELECTOR = YES;
				GCC_WARN_UNINITIALIZED_AUTOS = YES_AGGRESSIVE;
				GCC_WARN_UNUSED_FUNCTION = YES;
				GCC_WARN_UNUSED_VARIABLE = YES;
				IPHONEOS_DEPLOYMENT_TARGET = 13.2;
				MTL_ENABLE_DEBUG_INFO = INCLUDE_SOURCE;
				MTL_FAST_MATH = YES;
				ONLY_ACTIVE_ARCH = YES;
				SDKROOT = iphoneos;
				SWIFT_ACTIVE_COMPILATION_CONDITIONS = DEBUG;
				SWIFT_OPTIMIZATION_LEVEL = "-Onone";
			};
			name = Debug;
		};
		2ED88246240C619300DCB06F /* Release */ = {
			isa = XCBuildConfiguration;
			buildSettings = {
				ALWAYS_SEARCH_USER_PATHS = NO;
				CLANG_ANALYZER_NONNULL = YES;
				CLANG_ANALYZER_NUMBER_OBJECT_CONVERSION = YES_AGGRESSIVE;
				CLANG_CXX_LANGUAGE_STANDARD = "gnu++14";
				CLANG_CXX_LIBRARY = "libc++";
				CLANG_ENABLE_MODULES = YES;
				CLANG_ENABLE_OBJC_ARC = YES;
				CLANG_ENABLE_OBJC_WEAK = YES;
				CLANG_WARN_BLOCK_CAPTURE_AUTORELEASING = YES;
				CLANG_WARN_BOOL_CONVERSION = YES;
				CLANG_WARN_COMMA = YES;
				CLANG_WARN_CONSTANT_CONVERSION = YES;
				CLANG_WARN_DEPRECATED_OBJC_IMPLEMENTATIONS = YES;
				CLANG_WARN_DIRECT_OBJC_ISA_USAGE = YES_ERROR;
				CLANG_WARN_DOCUMENTATION_COMMENTS = YES;
				CLANG_WARN_EMPTY_BODY = YES;
				CLANG_WARN_ENUM_CONVERSION = YES;
				CLANG_WARN_INFINITE_RECURSION = YES;
				CLANG_WARN_INT_CONVERSION = YES;
				CLANG_WARN_NON_LITERAL_NULL_CONVERSION = YES;
				CLANG_WARN_OBJC_IMPLICIT_RETAIN_SELF = YES;
				CLANG_WARN_OBJC_LITERAL_CONVERSION = YES;
				CLANG_WARN_OBJC_ROOT_CLASS = YES_ERROR;
				CLANG_WARN_RANGE_LOOP_ANALYSIS = YES;
				CLANG_WARN_STRICT_PROTOTYPES = YES;
				CLANG_WARN_SUSPICIOUS_MOVE = YES;
				CLANG_WARN_UNGUARDED_AVAILABILITY = YES_AGGRESSIVE;
				CLANG_WARN_UNREACHABLE_CODE = YES;
				CLANG_WARN__DUPLICATE_METHOD_MATCH = YES;
				COPY_PHASE_STRIP = NO;
				DEBUG_INFORMATION_FORMAT = "dwarf-with-dsym";
				ENABLE_NS_ASSERTIONS = NO;
				ENABLE_STRICT_OBJC_MSGSEND = YES;
				GCC_C_LANGUAGE_STANDARD = gnu11;
				GCC_NO_COMMON_BLOCKS = YES;
				GCC_WARN_64_TO_32_BIT_CONVERSION = YES;
				GCC_WARN_ABOUT_RETURN_TYPE = YES_ERROR;
				GCC_WARN_UNDECLARED_SELECTOR = YES;
				GCC_WARN_UNINITIALIZED_AUTOS = YES_AGGRESSIVE;
				GCC_WARN_UNUSED_FUNCTION = YES;
				GCC_WARN_UNUSED_VARIABLE = YES;
				IPHONEOS_DEPLOYMENT_TARGET = 13.2;
				MTL_ENABLE_DEBUG_INFO = NO;
				MTL_FAST_MATH = YES;
				SDKROOT = iphoneos;
				SWIFT_COMPILATION_MODE = wholemodule;
				SWIFT_OPTIMIZATION_LEVEL = "-O";
				VALIDATE_PRODUCT = YES;
			};
			name = Release;
		};
		2ED88248240C619300DCB06F /* Debug */ = {
			isa = XCBuildConfiguration;
			buildSettings = {
				ASSETCATALOG_COMPILER_APPICON_NAME = AppIcon;
				CODE_SIGN_STYLE = Automatic;
				INFOPLIST_FILE = RedditTest/Commons/Info.plist;
				LD_RUNPATH_SEARCH_PATHS = (
					"$(inherited)",
					"@executable_path/Frameworks",
				);
				PRODUCT_BUNDLE_IDENTIFIER = qwerty.RedditTest;
				PRODUCT_NAME = "$(TARGET_NAME)";
				SWIFT_VERSION = 5.0;
				TARGETED_DEVICE_FAMILY = "1,2";
			};
			name = Debug;
		};
		2ED88249240C619300DCB06F /* Release */ = {
			isa = XCBuildConfiguration;
			buildSettings = {
				ASSETCATALOG_COMPILER_APPICON_NAME = AppIcon;
				CODE_SIGN_STYLE = Automatic;
				INFOPLIST_FILE = RedditTest/Commons/Info.plist;
				LD_RUNPATH_SEARCH_PATHS = (
					"$(inherited)",
					"@executable_path/Frameworks",
				);
				PRODUCT_BUNDLE_IDENTIFIER = qwerty.RedditTest;
				PRODUCT_NAME = "$(TARGET_NAME)";
				SWIFT_VERSION = 5.0;
				TARGETED_DEVICE_FAMILY = "1,2";
			};
			name = Release;
		};
/* End XCBuildConfiguration section */

/* Begin XCConfigurationList section */
		2ED8822E240C619100DCB06F /* Build configuration list for PBXProject "RedditTest" */ = {
			isa = XCConfigurationList;
			buildConfigurations = (
				2ED88245240C619300DCB06F /* Debug */,
				2ED88246240C619300DCB06F /* Release */,
			);
			defaultConfigurationIsVisible = 0;
			defaultConfigurationName = Release;
		};
		2ED88247240C619300DCB06F /* Build configuration list for PBXNativeTarget "RedditTest" */ = {
			isa = XCConfigurationList;
			buildConfigurations = (
				2ED88248240C619300DCB06F /* Debug */,
				2ED88249240C619300DCB06F /* Release */,
			);
			defaultConfigurationIsVisible = 0;
			defaultConfigurationName = Release;
		};
/* End XCConfigurationList section */
	};
	rootObject = 2ED8822B240C619100DCB06F /* Project object */;
}
